// !$*UTF8*$!
{
	archiveVersion = 1;
	classes = {
	};
	objectVersion = 50;
	objects = {

/* Begin PBXBuildFile section */
		6B02216222BA0EF500AEB14D /* InsertionSortViewController.swift in Sources */ = {isa = PBXBuildFile; fileRef = 6B02216122BA0EF500AEB14D /* InsertionSortViewController.swift */; };
		6B02216422BA11D500AEB14D /* Extension.swift in Sources */ = {isa = PBXBuildFile; fileRef = 6B02216322BA11D500AEB14D /* Extension.swift */; };
		6B02216622BA177F00AEB14D /* InsertionSortViewController.xib in Resources */ = {isa = PBXBuildFile; fileRef = 6B02216522BA177F00AEB14D /* InsertionSortViewController.xib */; };
		6B02216822BB7FA800AEB14D /* TopViewController.swift in Sources */ = {isa = PBXBuildFile; fileRef = 6B02216722BB7FA800AEB14D /* TopViewController.swift */; };
		6B02216A22BB824600AEB14D /* TopViewController.xib in Resources */ = {isa = PBXBuildFile; fileRef = 6B02216922BB824600AEB14D /* TopViewController.xib */; };
		6B46555622B6AB0C005202D1 /* MountainsRawData.swift in Sources */ = {isa = PBXBuildFile; fileRef = 6B46555522B6AB0C005202D1 /* MountainsRawData.swift */; };
		6B46555822B6AB15005202D1 /* MountainsRawData.swift in Sources */ = {isa = PBXBuildFile; fileRef = 6B46555722B6AB15005202D1 /* MountainsRawData.swift */; };
		6B46555A22B6AC83005202D1 /* LabelItem.swift in Sources */ = {isa = PBXBuildFile; fileRef = 6B46555922B6AC83005202D1 /* LabelItem.swift */; };
		6BA3A78222B5515D00AD51ED /* LabelCell.swift in Sources */ = {isa = PBXBuildFile; fileRef = 6BA3A78122B5515D00AD51ED /* LabelCell.swift */; };
		6BA3A78422B5516500AD51ED /* LabelCell.xib in Resources */ = {isa = PBXBuildFile; fileRef = 6BA3A78322B5516500AD51ED /* LabelCell.xib */; };
		6BA3A78822B5565E00AD51ED /* MountainsViewController.xib in Resources */ = {isa = PBXBuildFile; fileRef = 6BA3A78722B5565E00AD51ED /* MountainsViewController.xib */; };
		6BA3A78E22B55FB000AD51ED /* DiffableDataSources.framework in Frameworks */ = {isa = PBXBuildFile; fileRef = 6BA3A77B22B549B700AD51ED /* DiffableDataSources.framework */; };
		6BA3A78F22B55FB000AD51ED /* DiffableDataSources.framework in Embed Frameworks */ = {isa = PBXBuildFile; fileRef = 6BA3A77B22B549B700AD51ED /* DiffableDataSources.framework */; settings = {ATTRIBUTES = (CodeSignOnCopy, RemoveHeadersOnCopy, ); }; };
		6BA3A79022B55FB000AD51ED /* DifferenceKit.framework in Frameworks */ = {isa = PBXBuildFile; fileRef = 6BA3A77D22B549B700AD51ED /* DifferenceKit.framework */; };
		6BA3A79122B55FB000AD51ED /* DifferenceKit.framework in Embed Frameworks */ = {isa = PBXBuildFile; fileRef = 6BA3A77D22B549B700AD51ED /* DifferenceKit.framework */; settings = {ATTRIBUTES = (CodeSignOnCopy, RemoveHeadersOnCopy, ); }; };
		6BA3A79C22B69EDF00AD51ED /* AppDelegate.swift in Sources */ = {isa = PBXBuildFile; fileRef = 6BA3A79B22B69EDF00AD51ED /* AppDelegate.swift */; };
		6BA3A79E22B69EDF00AD51ED /* MountainsViewController.swift in Sources */ = {isa = PBXBuildFile; fileRef = 6BA3A79D22B69EDF00AD51ED /* MountainsViewController.swift */; };
		6BA3A7A022B69EE200AD51ED /* Assets.xcassets in Resources */ = {isa = PBXBuildFile; fileRef = 6BA3A79F22B69EE200AD51ED /* Assets.xcassets */; };
		6BA3A7A322B69EE200AD51ED /* Main.storyboard in Resources */ = {isa = PBXBuildFile; fileRef = 6BA3A7A122B69EE200AD51ED /* Main.storyboard */; };
		6BA3A7A922B6A04F00AD51ED /* DiffableDataSources.framework in Frameworks */ = {isa = PBXBuildFile; fileRef = 6BA3A77B22B549B700AD51ED /* DiffableDataSources.framework */; };
		6BA3A7AA22B6A04F00AD51ED /* DiffableDataSources.framework in Embed Frameworks */ = {isa = PBXBuildFile; fileRef = 6BA3A77B22B549B700AD51ED /* DiffableDataSources.framework */; settings = {ATTRIBUTES = (CodeSignOnCopy, RemoveHeadersOnCopy, ); }; };
		6BA3A7AB22B6A04F00AD51ED /* DifferenceKit.framework in Frameworks */ = {isa = PBXBuildFile; fileRef = 6BA3A77D22B549B700AD51ED /* DifferenceKit.framework */; };
		6BA3A7AC22B6A04F00AD51ED /* DifferenceKit.framework in Embed Frameworks */ = {isa = PBXBuildFile; fileRef = 6BA3A77D22B549B700AD51ED /* DifferenceKit.framework */; settings = {ATTRIBUTES = (CodeSignOnCopy, RemoveHeadersOnCopy, ); }; };
		6BB7630722B545240050DC03 /* AppDelegate.swift in Sources */ = {isa = PBXBuildFile; fileRef = 6BB7630622B545240050DC03 /* AppDelegate.swift */; };
		6BB7630922B545240050DC03 /* MountainsViewController.swift in Sources */ = {isa = PBXBuildFile; fileRef = 6BB7630822B545240050DC03 /* MountainsViewController.swift */; };
		6BB7630E22B545260050DC03 /* Assets.xcassets in Resources */ = {isa = PBXBuildFile; fileRef = 6BB7630D22B545260050DC03 /* Assets.xcassets */; };
		6BB7631122B545260050DC03 /* LaunchScreen.storyboard in Resources */ = {isa = PBXBuildFile; fileRef = 6BB7630F22B545260050DC03 /* LaunchScreen.storyboard */; };
/* End PBXBuildFile section */

/* Begin PBXCopyFilesBuildPhase section */
		6BA3A79222B55FB000AD51ED /* Embed Frameworks */ = {
			isa = PBXCopyFilesBuildPhase;
			buildActionMask = 2147483647;
			dstPath = "";
			dstSubfolderSpec = 10;
			files = (
				6BA3A79122B55FB000AD51ED /* DifferenceKit.framework in Embed Frameworks */,
				6BA3A78F22B55FB000AD51ED /* DiffableDataSources.framework in Embed Frameworks */,
			);
			name = "Embed Frameworks";
			runOnlyForDeploymentPostprocessing = 0;
		};
		6BA3A7AD22B6A05000AD51ED /* Embed Frameworks */ = {
			isa = PBXCopyFilesBuildPhase;
			buildActionMask = 2147483647;
			dstPath = "";
			dstSubfolderSpec = 10;
			files = (
				6BA3A7AC22B6A04F00AD51ED /* DifferenceKit.framework in Embed Frameworks */,
				6BA3A7AA22B6A04F00AD51ED /* DiffableDataSources.framework in Embed Frameworks */,
			);
			name = "Embed Frameworks";
			runOnlyForDeploymentPostprocessing = 0;
		};
/* End PBXCopyFilesBuildPhase section */

/* Begin PBXFileReference section */
		6B02216122BA0EF500AEB14D /* InsertionSortViewController.swift */ = {isa = PBXFileReference; lastKnownFileType = sourcecode.swift; path = InsertionSortViewController.swift; sourceTree = "<group>"; };
		6B02216322BA11D500AEB14D /* Extension.swift */ = {isa = PBXFileReference; lastKnownFileType = sourcecode.swift; path = Extension.swift; sourceTree = "<group>"; };
		6B02216522BA177F00AEB14D /* InsertionSortViewController.xib */ = {isa = PBXFileReference; lastKnownFileType = file.xib; path = InsertionSortViewController.xib; sourceTree = "<group>"; };
		6B02216722BB7FA800AEB14D /* TopViewController.swift */ = {isa = PBXFileReference; lastKnownFileType = sourcecode.swift; path = TopViewController.swift; sourceTree = "<group>"; };
		6B02216922BB824600AEB14D /* TopViewController.xib */ = {isa = PBXFileReference; lastKnownFileType = file.xib; path = TopViewController.xib; sourceTree = "<group>"; };
		6B46555522B6AB0C005202D1 /* MountainsRawData.swift */ = {isa = PBXFileReference; fileEncoding = 4; lastKnownFileType = sourcecode.swift; path = MountainsRawData.swift; sourceTree = SOURCE_ROOT; };
		6B46555722B6AB15005202D1 /* MountainsRawData.swift */ = {isa = PBXFileReference; fileEncoding = 4; lastKnownFileType = sourcecode.swift; path = MountainsRawData.swift; sourceTree = SOURCE_ROOT; };
		6B46555922B6AC83005202D1 /* LabelItem.swift */ = {isa = PBXFileReference; lastKnownFileType = sourcecode.swift; path = LabelItem.swift; sourceTree = "<group>"; };
		6BA3A77B22B549B700AD51ED /* DiffableDataSources.framework */ = {isa = PBXFileReference; explicitFileType = wrapper.framework; path = DiffableDataSources.framework; sourceTree = BUILT_PRODUCTS_DIR; };
		6BA3A77D22B549B700AD51ED /* DifferenceKit.framework */ = {isa = PBXFileReference; explicitFileType = wrapper.framework; path = DifferenceKit.framework; sourceTree = BUILT_PRODUCTS_DIR; };
		6BA3A78122B5515D00AD51ED /* LabelCell.swift */ = {isa = PBXFileReference; lastKnownFileType = sourcecode.swift; path = LabelCell.swift; sourceTree = "<group>"; };
		6BA3A78322B5516500AD51ED /* LabelCell.xib */ = {isa = PBXFileReference; lastKnownFileType = file.xib; path = LabelCell.xib; sourceTree = "<group>"; };
		6BA3A78722B5565E00AD51ED /* MountainsViewController.xib */ = {isa = PBXFileReference; lastKnownFileType = file.xib; path = MountainsViewController.xib; sourceTree = "<group>"; };
		6BA3A79922B69EDF00AD51ED /* Example-macOS.app */ = {isa = PBXFileReference; explicitFileType = wrapper.application; includeInIndex = 0; path = "Example-macOS.app"; sourceTree = BUILT_PRODUCTS_DIR; };
		6BA3A79B22B69EDF00AD51ED /* AppDelegate.swift */ = {isa = PBXFileReference; lastKnownFileType = sourcecode.swift; path = AppDelegate.swift; sourceTree = "<group>"; };
		6BA3A79D22B69EDF00AD51ED /* MountainsViewController.swift */ = {isa = PBXFileReference; lastKnownFileType = sourcecode.swift; path = MountainsViewController.swift; sourceTree = "<group>"; };
		6BA3A79F22B69EE200AD51ED /* Assets.xcassets */ = {isa = PBXFileReference; lastKnownFileType = folder.assetcatalog; path = Assets.xcassets; sourceTree = "<group>"; };
		6BA3A7A222B69EE200AD51ED /* Base */ = {isa = PBXFileReference; lastKnownFileType = file.storyboard; name = Base; path = Base.lproj/Main.storyboard; sourceTree = "<group>"; };
		6BA3A7A422B69EE200AD51ED /* Info.plist */ = {isa = PBXFileReference; lastKnownFileType = text.plist.xml; path = Info.plist; sourceTree = "<group>"; };
		6BA3A7A522B69EE200AD51ED /* Example_macOS.entitlements */ = {isa = PBXFileReference; lastKnownFileType = text.plist.entitlements; path = Example_macOS.entitlements; sourceTree = "<group>"; };
		6BB7630322B545240050DC03 /* Example-iOS.app */ = {isa = PBXFileReference; explicitFileType = wrapper.application; includeInIndex = 0; path = "Example-iOS.app"; sourceTree = BUILT_PRODUCTS_DIR; };
		6BB7630622B545240050DC03 /* AppDelegate.swift */ = {isa = PBXFileReference; lastKnownFileType = sourcecode.swift; path = AppDelegate.swift; sourceTree = "<group>"; };
		6BB7630822B545240050DC03 /* MountainsViewController.swift */ = {isa = PBXFileReference; lastKnownFileType = sourcecode.swift; path = MountainsViewController.swift; sourceTree = "<group>"; };
		6BB7630D22B545260050DC03 /* Assets.xcassets */ = {isa = PBXFileReference; lastKnownFileType = folder.assetcatalog; path = Assets.xcassets; sourceTree = "<group>"; };
		6BB7631022B545260050DC03 /* Base */ = {isa = PBXFileReference; lastKnownFileType = file.storyboard; name = Base; path = Base.lproj/LaunchScreen.storyboard; sourceTree = "<group>"; };
		6BB7631222B545260050DC03 /* Info.plist */ = {isa = PBXFileReference; lastKnownFileType = text.plist.xml; path = Info.plist; sourceTree = "<group>"; };
/* End PBXFileReference section */

/* Begin PBXFrameworksBuildPhase section */
		6BA3A79622B69EDF00AD51ED /* Frameworks */ = {
			isa = PBXFrameworksBuildPhase;
			buildActionMask = 2147483647;
			files = (
				6BA3A7AB22B6A04F00AD51ED /* DifferenceKit.framework in Frameworks */,
				6BA3A7A922B6A04F00AD51ED /* DiffableDataSources.framework in Frameworks */,
			);
			runOnlyForDeploymentPostprocessing = 0;
		};
		6BB7630022B545240050DC03 /* Frameworks */ = {
			isa = PBXFrameworksBuildPhase;
			buildActionMask = 2147483647;
			files = (
				6BA3A79022B55FB000AD51ED /* DifferenceKit.framework in Frameworks */,
				6BA3A78E22B55FB000AD51ED /* DiffableDataSources.framework in Frameworks */,
			);
			runOnlyForDeploymentPostprocessing = 0;
		};
/* End PBXFrameworksBuildPhase section */

/* Begin PBXGroup section */
		6BA3A79A22B69EDF00AD51ED /* Example-macOS */ = {
			isa = PBXGroup;
			children = (
				6BA3A79D22B69EDF00AD51ED /* MountainsViewController.swift */,
				6B46555922B6AC83005202D1 /* LabelItem.swift */,
				6B46555722B6AB15005202D1 /* MountainsRawData.swift */,
				6BA3A79B22B69EDF00AD51ED /* AppDelegate.swift */,
				6BA3A7A122B69EE200AD51ED /* Main.storyboard */,
				6BA3A79F22B69EE200AD51ED /* Assets.xcassets */,
				6BA3A7A422B69EE200AD51ED /* Info.plist */,
				6BA3A7A522B69EE200AD51ED /* Example_macOS.entitlements */,
			);
			path = "Example-macOS";
			sourceTree = "<group>";
		};
		6BB762FA22B545240050DC03 = {
			isa = PBXGroup;
			children = (
				6BB7630522B545240050DC03 /* Example-iOS */,
				6BA3A79A22B69EDF00AD51ED /* Example-macOS */,
				6BB7630422B545240050DC03 /* Products */,
				6BB7632122B5467B0050DC03 /* Frameworks */,
			);
			sourceTree = "<group>";
		};
		6BB7630422B545240050DC03 /* Products */ = {
			isa = PBXGroup;
			children = (
				6BB7630322B545240050DC03 /* Example-iOS.app */,
				6BA3A79922B69EDF00AD51ED /* Example-macOS.app */,
			);
			name = Products;
			sourceTree = "<group>";
		};
		6BB7630522B545240050DC03 /* Example-iOS */ = {
			isa = PBXGroup;
			children = (
				6B02216722BB7FA800AEB14D /* TopViewController.swift */,
				6B02216922BB824600AEB14D /* TopViewController.xib */,
				6BB7630822B545240050DC03 /* MountainsViewController.swift */,
				6BA3A78722B5565E00AD51ED /* MountainsViewController.xib */,
				6B02216122BA0EF500AEB14D /* InsertionSortViewController.swift */,
				6B02216522BA177F00AEB14D /* InsertionSortViewController.xib */,
				6BA3A78122B5515D00AD51ED /* LabelCell.swift */,
				6BA3A78322B5516500AD51ED /* LabelCell.xib */,
				6B02216322BA11D500AEB14D /* Extension.swift */,
				6B46555522B6AB0C005202D1 /* MountainsRawData.swift */,
				6BB7630622B545240050DC03 /* AppDelegate.swift */,
				6BB7630D22B545260050DC03 /* Assets.xcassets */,
				6BB7630F22B545260050DC03 /* LaunchScreen.storyboard */,
				6BB7631222B545260050DC03 /* Info.plist */,
			);
			path = "Example-iOS";
			sourceTree = "<group>";
		};
		6BB7632122B5467B0050DC03 /* Frameworks */ = {
			isa = PBXGroup;
			children = (
				6BA3A77B22B549B700AD51ED /* DiffableDataSources.framework */,
				6BA3A77D22B549B700AD51ED /* DifferenceKit.framework */,
			);
			name = Frameworks;
			sourceTree = "<group>";
		};
/* End PBXGroup section */

/* Begin PBXNativeTarget section */
		6BA3A79822B69EDF00AD51ED /* Example-macOS */ = {
			isa = PBXNativeTarget;
			buildConfigurationList = 6BA3A7A822B69EE200AD51ED /* Build configuration list for PBXNativeTarget "Example-macOS" */;
			buildPhases = (
				6BA3A79522B69EDF00AD51ED /* Sources */,
				6BA3A79622B69EDF00AD51ED /* Frameworks */,
				6BA3A79722B69EDF00AD51ED /* Resources */,
				6BA3A7AD22B6A05000AD51ED /* Embed Frameworks */,
			);
			buildRules = (
			);
			dependencies = (
			);
			name = "Example-macOS";
			productName = "Example-macOS";
			productReference = 6BA3A79922B69EDF00AD51ED /* Example-macOS.app */;
			productType = "com.apple.product-type.application";
		};
		6BB7630222B545240050DC03 /* Example-iOS */ = {
			isa = PBXNativeTarget;
			buildConfigurationList = 6BB7631522B545260050DC03 /* Build configuration list for PBXNativeTarget "Example-iOS" */;
			buildPhases = (
				6BB762FF22B545240050DC03 /* Sources */,
				6BB7630022B545240050DC03 /* Frameworks */,
				6BB7630122B545240050DC03 /* Resources */,
				6BA3A79222B55FB000AD51ED /* Embed Frameworks */,
			);
			buildRules = (
			);
			dependencies = (
			);
			name = "Example-iOS";
			productName = "DiffableDataSourcesExample-iOS";
			productReference = 6BB7630322B545240050DC03 /* Example-iOS.app */;
			productType = "com.apple.product-type.application";
		};
/* End PBXNativeTarget section */

/* Begin PBXProject section */
		6BB762FB22B545240050DC03 /* Project object */ = {
			isa = PBXProject;
			attributes = {
				LastSwiftUpdateCheck = 1020;
				LastUpgradeCheck = 1020;
				ORGANIZATIONNAME = "Ryo Aoyama";
				TargetAttributes = {
					6BA3A79822B69EDF00AD51ED = {
						CreatedOnToolsVersion = 10.2.1;
					};
					6BB7630222B545240050DC03 = {
						CreatedOnToolsVersion = 10.2.1;
					};
				};
			};
			buildConfigurationList = 6BB762FE22B545240050DC03 /* Build configuration list for PBXProject "DiffableDataSourcesExamples" */;
			compatibilityVersion = "Xcode 9.3";
			developmentRegion = en;
			hasScannedForEncodings = 0;
			knownRegions = (
				en,
				Base,
			);
			mainGroup = 6BB762FA22B545240050DC03;
			productRefGroup = 6BB7630422B545240050DC03 /* Products */;
			projectDirPath = "";
			projectRoot = "";
			targets = (
				6BB7630222B545240050DC03 /* Example-iOS */,
				6BA3A79822B69EDF00AD51ED /* Example-macOS */,
			);
		};
/* End PBXProject section */

/* Begin PBXResourcesBuildPhase section */
		6BA3A79722B69EDF00AD51ED /* Resources */ = {
			isa = PBXResourcesBuildPhase;
			buildActionMask = 2147483647;
			files = (
				6BA3A7A022B69EE200AD51ED /* Assets.xcassets in Resources */,
				6BA3A7A322B69EE200AD51ED /* Main.storyboard in Resources */,
			);
			runOnlyForDeploymentPostprocessing = 0;
		};
		6BB7630122B545240050DC03 /* Resources */ = {
			isa = PBXResourcesBuildPhase;
			buildActionMask = 2147483647;
			files = (
				6BA3A78422B5516500AD51ED /* LabelCell.xib in Resources */,
				6B02216622BA177F00AEB14D /* InsertionSortViewController.xib in Resources */,
				6B02216A22BB824600AEB14D /* TopViewController.xib in Resources */,
				6BA3A78822B5565E00AD51ED /* MountainsViewController.xib in Resources */,
				6BB7631122B545260050DC03 /* LaunchScreen.storyboard in Resources */,
				6BB7630E22B545260050DC03 /* Assets.xcassets in Resources */,
			);
			runOnlyForDeploymentPostprocessing = 0;
		};
/* End PBXResourcesBuildPhase section */

/* Begin PBXSourcesBuildPhase section */
		6BA3A79522B69EDF00AD51ED /* Sources */ = {
			isa = PBXSourcesBuildPhase;
			buildActionMask = 2147483647;
			files = (
				6BA3A79E22B69EDF00AD51ED /* MountainsViewController.swift in Sources */,
				6B46555A22B6AC83005202D1 /* LabelItem.swift in Sources */,
				6B46555822B6AB15005202D1 /* MountainsRawData.swift in Sources */,
				6BA3A79C22B69EDF00AD51ED /* AppDelegate.swift in Sources */,
			);
			runOnlyForDeploymentPostprocessing = 0;
		};
		6BB762FF22B545240050DC03 /* Sources */ = {
			isa = PBXSourcesBuildPhase;
			buildActionMask = 2147483647;
			files = (
				6BB7630922B545240050DC03 /* MountainsViewController.swift in Sources */,
				6BA3A78222B5515D00AD51ED /* LabelCell.swift in Sources */,
				6B02216422BA11D500AEB14D /* Extension.swift in Sources */,
				6B02216222BA0EF500AEB14D /* InsertionSortViewController.swift in Sources */,
				6BB7630722B545240050DC03 /* AppDelegate.swift in Sources */,
				6B46555622B6AB0C005202D1 /* MountainsRawData.swift in Sources */,
				6B02216822BB7FA800AEB14D /* TopViewController.swift in Sources */,
			);
			runOnlyForDeploymentPostprocessing = 0;
		};
/* End PBXSourcesBuildPhase section */

/* Begin PBXVariantGroup section */
		6BA3A7A122B69EE200AD51ED /* Main.storyboard */ = {
			isa = PBXVariantGroup;
			children = (
				6BA3A7A222B69EE200AD51ED /* Base */,
			);
			name = Main.storyboard;
			sourceTree = "<group>";
		};
		6BB7630F22B545260050DC03 /* LaunchScreen.storyboard */ = {
			isa = PBXVariantGroup;
			children = (
				6BB7631022B545260050DC03 /* Base */,
			);
			name = LaunchScreen.storyboard;
			sourceTree = "<group>";
		};
/* End PBXVariantGroup section */

/* Begin XCBuildConfiguration section */
		6BA3A7A622B69EE200AD51ED /* Debug */ = {
			isa = XCBuildConfiguration;
			buildSettings = {
				ASSETCATALOG_COMPILER_APPICON_NAME = AppIcon;
				CODE_SIGN_ENTITLEMENTS = "Example-macOS/Example_macOS.entitlements";
				CODE_SIGN_IDENTITY = "-";
				CODE_SIGN_STYLE = Manual;
				COMBINE_HIDPI_IMAGES = YES;
				DEVELOPMENT_TEAM = "";
				INFOPLIST_FILE = "Example-macOS/Info.plist";
				LD_RUNPATH_SEARCH_PATHS = (
					"$(inherited)",
					"@executable_path/../Frameworks",
				);
				MACOSX_DEPLOYMENT_TARGET = 10.13;
				PRODUCT_BUNDLE_IDENTIFIER = "com.ryo.DiffableDataSourcesExample-macOS";
				PRODUCT_NAME = "$(TARGET_NAME)";
				PROVISIONING_PROFILE_SPECIFIER = "";
				SDKROOT = macosx;
				SWIFT_VERSION = 5.0;
			};
			name = Debug;
		};
		6BA3A7A722B69EE200AD51ED /* Release */ = {
			isa = XCBuildConfiguration;
			buildSettings = {
				ASSETCATALOG_COMPILER_APPICON_NAME = AppIcon;
				CODE_SIGN_ENTITLEMENTS = "Example-macOS/Example_macOS.entitlements";
				CODE_SIGN_IDENTITY = "-";
				CODE_SIGN_STYLE = Manual;
				COMBINE_HIDPI_IMAGES = YES;
				DEVELOPMENT_TEAM = "";
				INFOPLIST_FILE = "Example-macOS/Info.plist";
				LD_RUNPATH_SEARCH_PATHS = (
					"$(inherited)",
					"@executable_path/../Frameworks",
				);
				MACOSX_DEPLOYMENT_TARGET = 10.13;
				PRODUCT_BUNDLE_IDENTIFIER = "com.ryo.DiffableDataSourcesExample-macOS";
				PRODUCT_NAME = "$(TARGET_NAME)";
				PROVISIONING_PROFILE_SPECIFIER = "";
				SDKROOT = macosx;
				SWIFT_VERSION = 5.0;
			};
			name = Release;
		};
		6BB7631322B545260050DC03 /* Debug */ = {
			isa = XCBuildConfiguration;
			buildSettings = {
				ALWAYS_SEARCH_USER_PATHS = NO;
				CLANG_ANALYZER_NONNULL = YES;
				CLANG_ANALYZER_NUMBER_OBJECT_CONVERSION = YES_AGGRESSIVE;
				CLANG_CXX_LANGUAGE_STANDARD = "gnu++14";
				CLANG_CXX_LIBRARY = "libc++";
				CLANG_ENABLE_MODULES = YES;
				CLANG_ENABLE_OBJC_ARC = YES;
				CLANG_ENABLE_OBJC_WEAK = YES;
				CLANG_WARN_BLOCK_CAPTURE_AUTORELEASING = YES;
				CLANG_WARN_BOOL_CONVERSION = YES;
				CLANG_WARN_COMMA = YES;
				CLANG_WARN_CONSTANT_CONVERSION = YES;
				CLANG_WARN_DEPRECATED_OBJC_IMPLEMENTATIONS = YES;
				CLANG_WARN_DIRECT_OBJC_ISA_USAGE = YES_ERROR;
				CLANG_WARN_DOCUMENTATION_COMMENTS = YES;
				CLANG_WARN_EMPTY_BODY = YES;
				CLANG_WARN_ENUM_CONVERSION = YES;
				CLANG_WARN_INFINITE_RECURSION = YES;
				CLANG_WARN_INT_CONVERSION = YES;
				CLANG_WARN_NON_LITERAL_NULL_CONVERSION = YES;
				CLANG_WARN_OBJC_IMPLICIT_RETAIN_SELF = YES;
				CLANG_WARN_OBJC_LITERAL_CONVERSION = YES;
				CLANG_WARN_OBJC_ROOT_CLASS = YES_ERROR;
				CLANG_WARN_RANGE_LOOP_ANALYSIS = YES;
				CLANG_WARN_STRICT_PROTOTYPES = YES;
				CLANG_WARN_SUSPICIOUS_MOVE = YES;
				CLANG_WARN_UNGUARDED_AVAILABILITY = YES_AGGRESSIVE;
				CLANG_WARN_UNREACHABLE_CODE = YES;
				CLANG_WARN__DUPLICATE_METHOD_MATCH = YES;
				CODE_SIGN_IDENTITY = "iPhone Developer";
				COPY_PHASE_STRIP = NO;
				DEBUG_INFORMATION_FORMAT = dwarf;
				ENABLE_STRICT_OBJC_MSGSEND = YES;
				ENABLE_TESTABILITY = YES;
				GCC_C_LANGUAGE_STANDARD = gnu11;
				GCC_DYNAMIC_NO_PIC = NO;
				GCC_NO_COMMON_BLOCKS = YES;
				GCC_OPTIMIZATION_LEVEL = 0;
				GCC_PREPROCESSOR_DEFINITIONS = (
					"DEBUG=1",
					"$(inherited)",
				);
				GCC_WARN_64_TO_32_BIT_CONVERSION = YES;
				GCC_WARN_ABOUT_RETURN_TYPE = YES_ERROR;
				GCC_WARN_UNDECLARED_SELECTOR = YES;
				GCC_WARN_UNINITIALIZED_AUTOS = YES_AGGRESSIVE;
				GCC_WARN_UNUSED_FUNCTION = YES;
				GCC_WARN_UNUSED_VARIABLE = YES;
				IPHONEOS_DEPLOYMENT_TARGET = 12.0;
				MACOSX_DEPLOYMENT_TARGET = 10.13;
				MTL_ENABLE_DEBUG_INFO = INCLUDE_SOURCE;
				MTL_FAST_MATH = YES;
				ONLY_ACTIVE_ARCH = YES;
				SDKROOT = iphoneos;
				SWIFT_ACTIVE_COMPILATION_CONDITIONS = DEBUG;
				SWIFT_OPTIMIZATION_LEVEL = "-Onone";
			};
			name = Debug;
		};
		6BB7631422B545260050DC03 /* Release */ = {
			isa = XCBuildConfiguration;
			buildSettings = {
				ALWAYS_SEARCH_USER_PATHS = NO;
				CLANG_ANALYZER_NONNULL = YES;
				CLANG_ANALYZER_NUMBER_OBJECT_CONVERSION = YES_AGGRESSIVE;
				CLANG_CXX_LANGUAGE_STANDARD = "gnu++14";
				CLANG_CXX_LIBRARY = "libc++";
				CLANG_ENABLE_MODULES = YES;
				CLANG_ENABLE_OBJC_ARC = YES;
				CLANG_ENABLE_OBJC_WEAK = YES;
				CLANG_WARN_BLOCK_CAPTURE_AUTORELEASING = YES;
				CLANG_WARN_BOOL_CONVERSION = YES;
				CLANG_WARN_COMMA = YES;
				CLANG_WARN_CONSTANT_CONVERSION = YES;
				CLANG_WARN_DEPRECATED_OBJC_IMPLEMENTATIONS = YES;
				CLANG_WARN_DIRECT_OBJC_ISA_USAGE = YES_ERROR;
				CLANG_WARN_DOCUMENTATION_COMMENTS = YES;
				CLANG_WARN_EMPTY_BODY = YES;
				CLANG_WARN_ENUM_CONVERSION = YES;
				CLANG_WARN_INFINITE_RECURSION = YES;
				CLANG_WARN_INT_CONVERSION = YES;
				CLANG_WARN_NON_LITERAL_NULL_CONVERSION = YES;
				CLANG_WARN_OBJC_IMPLICIT_RETAIN_SELF = YES;
				CLANG_WARN_OBJC_LITERAL_CONVERSION = YES;
				CLANG_WARN_OBJC_ROOT_CLASS = YES_ERROR;
				CLANG_WARN_RANGE_LOOP_ANALYSIS = YES;
				CLANG_WARN_STRICT_PROTOTYPES = YES;
				CLANG_WARN_SUSPICIOUS_MOVE = YES;
				CLANG_WARN_UNGUARDED_AVAILABILITY = YES_AGGRESSIVE;
				CLANG_WARN_UNREACHABLE_CODE = YES;
				CLANG_WARN__DUPLICATE_METHOD_MATCH = YES;
				CODE_SIGN_IDENTITY = "iPhone Developer";
				COPY_PHASE_STRIP = NO;
				DEBUG_INFORMATION_FORMAT = "dwarf-with-dsym";
				ENABLE_NS_ASSERTIONS = NO;
				ENABLE_STRICT_OBJC_MSGSEND = YES;
				GCC_C_LANGUAGE_STANDARD = gnu11;
				GCC_NO_COMMON_BLOCKS = YES;
				GCC_WARN_64_TO_32_BIT_CONVERSION = YES;
				GCC_WARN_ABOUT_RETURN_TYPE = YES_ERROR;
				GCC_WARN_UNDECLARED_SELECTOR = YES;
				GCC_WARN_UNINITIALIZED_AUTOS = YES_AGGRESSIVE;
				GCC_WARN_UNUSED_FUNCTION = YES;
				GCC_WARN_UNUSED_VARIABLE = YES;
				IPHONEOS_DEPLOYMENT_TARGET = 12.0;
				MACOSX_DEPLOYMENT_TARGET = 10.13;
				MTL_ENABLE_DEBUG_INFO = NO;
				MTL_FAST_MATH = YES;
				SDKROOT = iphoneos;
				SWIFT_COMPILATION_MODE = wholemodule;
				SWIFT_OPTIMIZATION_LEVEL = "-O";
				VALIDATE_PRODUCT = YES;
			};
			name = Release;
		};
		6BB7631622B545260050DC03 /* Debug */ = {
			isa = XCBuildConfiguration;
			buildSettings = {
				ASSETCATALOG_COMPILER_APPICON_NAME = AppIcon;
				CODE_SIGN_IDENTITY = "iPhone Developer";
				CODE_SIGN_STYLE = Manual;
				DEVELOPMENT_TEAM = "";
				GCC_OPTIMIZATION_LEVEL = s;
				INFOPLIST_FILE = "Example-iOS/Info.plist";
				IPHONEOS_DEPLOYMENT_TARGET = 12.0;
				LD_RUNPATH_SEARCH_PATHS = (
					"$(inherited)",
					"@executable_path/Frameworks",
				);
				PRODUCT_BUNDLE_IDENTIFIER = "com.ryo.DiffableDataSourcesExample-iOS";
				PRODUCT_NAME = "$(TARGET_NAME)";
				PROVISIONING_PROFILE_SPECIFIER = "";
				SWIFT_OPTIMIZATION_LEVEL = "-O";
				SWIFT_VERSION = 5.0;
				TARGETED_DEVICE_FAMILY = "1,2";
				TVOS_DEPLOYMENT_TARGET = "";
			};
			name = Debug;
		};
		6BB7631722B545260050DC03 /* Release */ = {
			isa = XCBuildConfiguration;
			buildSettings = {
				ASSETCATALOG_COMPILER_APPICON_NAME = AppIcon;
				CODE_SIGN_IDENTITY = "iPhone Developer";
				CODE_SIGN_STYLE = Manual;
				DEVELOPMENT_TEAM = "";
				INFOPLIST_FILE = "Example-iOS/Info.plist";
				IPHONEOS_DEPLOYMENT_TARGET = 12.0;
				LD_RUNPATH_SEARCH_PATHS = (
					"$(inherited)",
					"@executable_path/Frameworks",
				);
				PRODUCT_BUNDLE_IDENTIFIER = "com.ryo.DiffableDataSourcesExample-iOS";
				PRODUCT_NAME = "$(TARGET_NAME)";
				PROVISIONING_PROFILE_SPECIFIER = "";
				SWIFT_VERSION = 5.0;
				TARGETED_DEVICE_FAMILY = "1,2";
				TVOS_DEPLOYMENT_TARGET = "";
			};
			name = Release;
		};
/* End XCBuildConfiguration section */

/* Begin XCConfigurationList section */
		6BA3A7A822B69EE200AD51ED /* Build configuration list for PBXNativeTarget "Example-macOS" */ = {
			isa = XCConfigurationList;
			buildConfigurations = (
				6BA3A7A622B69EE200AD51ED /* Debug */,
				6BA3A7A722B69EE200AD51ED /* Release */,
			);
			defaultConfigurationIsVisible = 0;
			defaultConfigurationName = Release;
		};
		6BB762FE22B545240050DC03 /* Build configuration list for PBXProject "DiffableDataSourcesExamples" */ = {
			isa = XCConfigurationList;
			buildConfigurations = (
				6BB7631322B545260050DC03 /* Debug */,
				6BB7631422B545260050DC03 /* Release */,
			);
			defaultConfigurationIsVisible = 0;
			defaultConfigurationName = Release;
		};
		6BB7631522B545260050DC03 /* Build configuration list for PBXNativeTarget "Example-iOS" */ = {
			isa = XCConfigurationList;
			buildConfigurations = (
				6BB7631622B545260050DC03 /* Debug */,
				6BB7631722B545260050DC03 /* Release */,
			);
			defaultConfigurationIsVisible = 0;
			defaultConfigurationName = Release;
		};
/* End XCConfigurationList section */
	};
	rootObject = 6BB762FB22B545240050DC03 /* Project object */;
}
